# THIS IS AN AUTOGENERATED FILE. DO NOT EDIT THIS FILE DIRECTLY.
# yarn lockfile v1


"@prettier/plugin-ruby@^1.6.1":
  version "1.6.1"
  resolved "https://registry.yarnpkg.com/@prettier/plugin-ruby/-/plugin-ruby-1.6.1.tgz#14489985513a72e052b57c1cf9beae288880faa8"
  integrity sha512-PGDCATgVTQz0s/NB9nStiXVCIr+hG/XnKeAO/kguaHrNf8VwCpP5Ul+/KQao0z0QFBy2PDY8kWptfDQCa7WMXg==
  dependencies:
    prettier ">=1.10"

"@rails/actiontext@^6.0.5":
  version "6.0.5"
  resolved "https://registry.yarnpkg.com/@rails/actiontext/-/actiontext-6.0.5.tgz#a2ef2d5d829fd032e294e8465ace4107a2b34db5"
  integrity sha512-FF0vCANuJu5I0e1D73zz/aOE33KKXvOpkus7wRQoZq3Yv4H6D6FiOEMn2TF1mO8u5IpPoSbttXaJ4ROj3aWEwA==
  dependencies:
    "@rails/activestorage" "^6.0.0"

"@rails/activestorage@^6.0.0":
  version "6.0.5"
  resolved "https://registry.yarnpkg.com/@rails/activestorage/-/activestorage-6.0.5.tgz#446e4b3f45bf1d4e1c6fd0b8b6e2566cb70c2b18"
  integrity sha512-jp2UKh1QChjOGsApYO3HHuBH1yfv4mqOcKuB70fsT79O/CJWEACVnjKIdaqO+B9BJTKihaxyyepvL7kLfUFiDw==
  dependencies:
    spark-md5 "^3.0.0"

prettier-html-templates@^0.1.0:
  version "0.1.0"
  resolved "https://registry.yarnpkg.com/prettier-html-templates/-/prettier-html-templates-0.1.0.tgz#dfa12bd71c032e3b796e8c645210c5614403575d"
  integrity sha512-KdLveYzO2kJLiwUAebd5UFeKP8h3OqFhOiLbkgeIuS1WNoCRTyxW4KuyGfbh3F+Rp/2A6mipRxCq2zPi+//pmg==

prettier-plugin-erb@^0.4.0:
  version "0.4.0"
  resolved "https://registry.yarnpkg.com/prettier-plugin-erb/-/prettier-plugin-erb-0.4.0.tgz#5a2a86e02c6360481187aaadd165bc598eda4412"
  integrity sha512-5RAdvT5BBf29hfC8GmqiMRFiD5g4BZGZDERZHvM5ouOor2TVT0jM0ntmCzFpS2Q32OkUAGFYsRxXDoYscvToXA==
  dependencies:
    prettier-html-templates "^0.1.0"

prettier@>=1.10, prettier@^2.2.1:
  version "2.6.2"
  resolved "https://registry.yarnpkg.com/prettier/-/prettier-2.6.2.tgz#e26d71a18a74c3d0f0597f55f01fb6c06c206032"
  integrity sha512-PkUpF+qoXTqhOeWL9fu7As8LXsIUZ1WYaJiY/a7McAQzxjk82OF0tibkFXVCDImZtWxbvojFjerkiLb0/q8mew==

spark-md5@^3.0.0:
  version "3.0.2"
  resolved "https://registry.yarnpkg.com/spark-md5/-/spark-md5-3.0.2.tgz#7952c4a30784347abcee73268e473b9c0167e3fc"
  integrity sha512-wcFzz9cDfbuqe0FZzfi2or1sgyIrsDwmPwfZC4hiNidPdPINjeUwNfv5kldczoEAcjl9Y1L3SM7Uz2PUEQzxQw==

trix@^2.0.0-beta.0:
  version "2.0.0-beta.0"
  resolved "https://registry.yarnpkg.com/trix/-/trix-2.0.0-beta.0.tgz#e7034867182356c023abdef90c7bdc341bb3e105"
  integrity sha512-D1c7FxP1hGXM/MnTd/+fGUbSDLkfxsqjA0NxOTzByQywVJVNHDOkn8xAScCKVOiAN6hXlqUR2qX4CPJHTGj+cQ==
